
Microsoft Visual Studio Solution File, Format Version 12.00
# Visual Studio 2012
Project("{FAE04EC0-301F-11D3-BF4B-00C04F79EFBC}") = "EmotionsShopper", "EmotionsShopper\EmotionsShopper.csproj", "{6381A607-649F-4EBF-A7CB-461183FDB6F9}"
EndProject
Project("{FAE04EC0-301F-11D3-BF4B-00C04F79EFBC}") = "EmotionsShopper.Tests", "EmotionsShopper.Tests\EmotionsShopper.Tests.csproj", "{55DF544F-A40A-4BC6-B80A-F5DD294175AB}"
EndProject
Global
	GlobalSection(SolutionConfigurationPlatforms) = preSolution
		Debug|Any CPU = Debug|Any CPU
		Release|Any CPU = Release|Any CPU
	EndGlobalSection
	GlobalSection(ProjectConfigurationPlatforms) = postSolution
		{6381A607-649F-4EBF-A7CB-461183FDB6F9}.Debug|Any CPU.ActiveCfg = Debug|Any CPU
		{6381A607-649F-4EBF-A7CB-461183FDB6F9}.Debug|Any CPU.Build.0 = Debug|Any CPU
		{6381A607-649F-4EBF-A7CB-461183FDB6F9}.Release|Any CPU.ActiveCfg = Release|Any CPU
		{6381A607-649F-4EBF-A7CB-461183FDB6F9}.Release|Any CPU.Build.0 = Release|Any CPU
		{55DF544F-A40A-4BC6-B80A-F5DD294175AB}.Debug|Any CPU.ActiveCfg = Debug|Any CPU
		{55DF544F-A40A-4BC6-B80A-F5DD294175AB}.Debug|Any CPU.Build.0 = Debug|Any CPU
		{55DF544F-A40A-4BC6-B80A-F5DD294175AB}.Release|Any CPU.ActiveCfg = Release|Any CPU
		{55DF544F-A40A-4BC6-B80A-F5DD294175AB}.Release|Any CPU.Build.0 = Release|Any CPU
	EndGlobalSection
EndGlobal
